
Microsoft Visual Studio Solution File, Format Version 12.00
# Visual Studio Version 16
VisualStudioVersion = 16.0.31019.35
MinimumVisualStudioVersion = 10.0.40219.1
Project("{FAE04EC0-301F-11D3-BF4B-00C04F79EFBC}") = "WeatherAPILib", "WeatherAPILib\WeatherAPILib.csproj", "{DD748BBD-AEE5-4906-94FD-1AC4F271E57A}"
EndProject
Project("{FAE04EC0-301F-11D3-BF4B-00C04F79EFBC}") = "ConsoleUI", "ConsoleUI\ConsoleUI.csproj", "{4A71B0E4-AD8E-4851-9526-52AF592AFCCA}"
EndProject
Project("{FAE04EC0-301F-11D3-BF4B-00C04F79EFBC}") = "WebUI", "WebUI\WebUI.csproj", "{4701B47E-F595-4CC5-BE80-D09C2EB1F781}"
EndProject
Global
	GlobalSection(SolutionConfigurationPlatforms) = preSolution
		Debug|Any CPU = Debug|Any CPU
		Release|Any CPU = Release|Any CPU
	EndGlobalSection
	GlobalSection(ProjectConfigurationPlatforms) = postSolution
		{DD748BBD-AEE5-4906-94FD-1AC4F271E57A}.Debug|Any CPU.ActiveCfg = Debug|Any CPU
		{DD748BBD-AEE5-4906-94FD-1AC4F271E57A}.Debug|Any CPU.Build.0 = Debug|Any CPU
		{DD748BBD-AEE5-4906-94FD-1AC4F271E57A}.Release|Any CPU.ActiveCfg = Release|Any CPU
		{DD748BBD-AEE5-4906-94FD-1AC4F271E57A}.Release|Any CPU.Build.0 = Release|Any CPU
		{4A71B0E4-AD8E-4851-9526-52AF592AFCCA}.Debug|Any CPU.ActiveCfg = Debug|Any CPU
		{4A71B0E4-AD8E-4851-9526-52AF592AFCCA}.Debug|Any CPU.Build.0 = Debug|Any CPU
		{4A71B0E4-AD8E-4851-9526-52AF592AFCCA}.Release|Any CPU.ActiveCfg = Release|Any CPU
		{4A71B0E4-AD8E-4851-9526-52AF592AFCCA}.Release|Any CPU.Build.0 = Release|Any CPU
		{4701B47E-F595-4CC5-BE80-D09C2EB1F781}.Debug|Any CPU.ActiveCfg = Debug|Any CPU
		{4701B47E-F595-4CC5-BE80-D09C2EB1F781}.Debug|Any CPU.Build.0 = Debug|Any CPU
		{4701B47E-F595-4CC5-BE80-D09C2EB1F781}.Release|Any CPU.ActiveCfg = Release|Any CPU
		{4701B47E-F595-4CC5-BE80-D09C2EB1F781}.Release|Any CPU.Build.0 = Release|Any CPU
	EndGlobalSection
	GlobalSection(SolutionProperties) = preSolution
		HideSolutionNode = FALSE
	EndGlobalSection
	GlobalSection(ExtensibilityGlobals) = postSolution
		SolutionGuid = {FD70E6EE-E238-4A09-828C-EB4A078F77AF}
	EndGlobalSection
EndGlobal
